
Microsoft Visual Studio Solution File, Format Version 12.00
# Visual Studio Version 17
VisualStudioVersion = 17.5.33627.172
MinimumVisualStudioVersion = 10.0.40219.1
Project("{FAE04EC0-301F-11D3-BF4B-00C04F79EFBC}") = "CardTowers-GameServer", "CardTowers-GameServer\CardTowers-GameServer.csproj", "{FA529165-DDC7-483F-A005-4D78D44DC645}"
EndProject
Global
	GlobalSection(SolutionConfigurationPlatforms) = preSolution
		Debug|Any CPU = Debug|Any CPU
		Release|Any CPU = Release|Any CPU
	EndGlobalSection
	GlobalSection(ProjectConfigurationPlatforms) = postSolution
		{FA529165-DDC7-483F-A005-4D78D44DC645}.Debug|Any CPU.ActiveCfg = Debug|Any CPU
		{FA529165-DDC7-483F-A005-4D78D44DC645}.Debug|Any CPU.Build.0 = Debug|Any CPU
		{FA529165-DDC7-483F-A005-4D78D44DC645}.Release|Any CPU.ActiveCfg = Release|Any CPU
		{FA529165-DDC7-483F-A005-4D78D44DC645}.Release|Any CPU.Build.0 = Release|Any CPU
	EndGlobalSection
	GlobalSection(SolutionProperties) = preSolution
		HideSolutionNode = FALSE
	EndGlobalSection
	GlobalSection(ExtensibilityGlobals) = postSolution
		SolutionGuid = {D8E2D967-2977-4795-BE80-CDAAFEF918A6}
	EndGlobalSection
EndGlobal
